
Microsoft Visual Studio Solution File, Format Version 12.00
# Visual Studio Version 17
VisualStudioVersion = 17.9.34723.18
MinimumVisualStudioVersion = 10.0.40219.1
Project("{FAE04EC0-301F-11D3-BF4B-00C04F79EFBC}") = "3 M ou F - repetição", "3 M ou F - repetição\3 M ou F - repetição.csproj", "{066801BE-5A7D-4AC1-8157-6F7D830CF9BB}"
EndProject
Global
	GlobalSection(SolutionConfigurationPlatforms) = preSolution
		Debug|Any CPU = Debug|Any CPU
		Release|Any CPU = Release|Any CPU
	EndGlobalSection
	GlobalSection(ProjectConfigurationPlatforms) = postSolution
		{066801BE-5A7D-4AC1-8157-6F7D830CF9BB}.Debug|Any CPU.ActiveCfg = Debug|Any CPU
		{066801BE-5A7D-4AC1-8157-6F7D830CF9BB}.Debug|Any CPU.Build.0 = Debug|Any CPU
		{066801BE-5A7D-4AC1-8157-6F7D830CF9BB}.Release|Any CPU.ActiveCfg = Release|Any CPU
		{066801BE-5A7D-4AC1-8157-6F7D830CF9BB}.Release|Any CPU.Build.0 = Release|Any CPU
	EndGlobalSection
	GlobalSection(SolutionProperties) = preSolution
		HideSolutionNode = FALSE
	EndGlobalSection
	GlobalSection(ExtensibilityGlobals) = postSolution
		SolutionGuid = {8571A0E7-2484-4866-8445-51A13F6EE2FE}
	EndGlobalSection
EndGlobal
